
Microsoft Visual Studio Solution File, Format Version 12.00
# Visual Studio 15
VisualStudioVersion = 15.0.27004.2005
MinimumVisualStudioVersion = 10.0.40219.1
Project("{FAE04EC0-301F-11D3-BF4B-00C04F79EFBC}") = "WebApplication1", "WebApplication1\WebApplication1.csproj", "{679C65C5-D97C-4625-B133-D8126BE48CEC}"
EndProject
Global
	GlobalSection(SolutionConfigurationPlatforms) = preSolution
		Debug|Any CPU = Debug|Any CPU
		Release|Any CPU = Release|Any CPU
	EndGlobalSection
	GlobalSection(ProjectConfigurationPlatforms) = postSolution
		{679C65C5-D97C-4625-B133-D8126BE48CEC}.Debug|Any CPU.ActiveCfg = Debug|Any CPU
		{679C65C5-D97C-4625-B133-D8126BE48CEC}.Debug|Any CPU.Build.0 = Debug|Any CPU
		{679C65C5-D97C-4625-B133-D8126BE48CEC}.Release|Any CPU.ActiveCfg = Release|Any CPU
		{679C65C5-D97C-4625-B133-D8126BE48CEC}.Release|Any CPU.Build.0 = Release|Any CPU
	EndGlobalSection
	GlobalSection(SolutionProperties) = preSolution
		HideSolutionNode = FALSE
	EndGlobalSection
	GlobalSection(ExtensibilityGlobals) = postSolution
		SolutionGuid = {C0B1C13B-FA23-4A8D-98BD-867CC7BD4A35}
	EndGlobalSection
EndGlobal
